
Microsoft Visual Studio Solution File, Format Version 12.00
# Visual Studio Version 17
VisualStudioVersion = 17.10.35027.167
MinimumVisualStudioVersion = 10.0.40219.1
Project("{FAE04EC0-301F-11D3-BF4B-00C04F79EFBC}") = "Buoi11_Lop_LapTrinhHuongDoiTuong", "Buoi11_Lop_LapTrinhHuongDoiTuong\Buoi11_Lop_LapTrinhHuongDoiTuong.csproj", "{028B325D-A504-4AD7-8B1E-F265CE39E666}"
EndProject
Global
	GlobalSection(SolutionConfigurationPlatforms) = preSolution
		Debug|Any CPU = Debug|Any CPU
		Release|Any CPU = Release|Any CPU
	EndGlobalSection
	GlobalSection(ProjectConfigurationPlatforms) = postSolution
		{028B325D-A504-4AD7-8B1E-F265CE39E666}.Debug|Any CPU.ActiveCfg = Debug|Any CPU
		{028B325D-A504-4AD7-8B1E-F265CE39E666}.Debug|Any CPU.Build.0 = Debug|Any CPU
		{028B325D-A504-4AD7-8B1E-F265CE39E666}.Release|Any CPU.ActiveCfg = Release|Any CPU
		{028B325D-A504-4AD7-8B1E-F265CE39E666}.Release|Any CPU.Build.0 = Release|Any CPU
	EndGlobalSection
	GlobalSection(SolutionProperties) = preSolution
		HideSolutionNode = FALSE
	EndGlobalSection
	GlobalSection(ExtensibilityGlobals) = postSolution
		SolutionGuid = {9B9EC434-3D4F-4C3D-8F5A-9DD3A2104B97}
	EndGlobalSection
EndGlobal
