
Microsoft Visual Studio Solution File, Format Version 12.00
# Visual Studio Version 17
VisualStudioVersion = 17.10.35027.167
MinimumVisualStudioVersion = 10.0.40219.1
Project("{FAE04EC0-301F-11D3-BF4B-00C04F79EFBC}") = "Buoi18_Null_Nullable", "Buoi18_Null_Nullable\Buoi18_Null_Nullable.csproj", "{13DE22F7-7EA6-4942-B20D-0664EA45CA1D}"
EndProject
Global
	GlobalSection(SolutionConfigurationPlatforms) = preSolution
		Debug|Any CPU = Debug|Any CPU
		Release|Any CPU = Release|Any CPU
	EndGlobalSection
	GlobalSection(ProjectConfigurationPlatforms) = postSolution
		{13DE22F7-7EA6-4942-B20D-0664EA45CA1D}.Debug|Any CPU.ActiveCfg = Debug|Any CPU
		{13DE22F7-7EA6-4942-B20D-0664EA45CA1D}.Debug|Any CPU.Build.0 = Debug|Any CPU
		{13DE22F7-7EA6-4942-B20D-0664EA45CA1D}.Release|Any CPU.ActiveCfg = Release|Any CPU
		{13DE22F7-7EA6-4942-B20D-0664EA45CA1D}.Release|Any CPU.Build.0 = Release|Any CPU
	EndGlobalSection
	GlobalSection(SolutionProperties) = preSolution
		HideSolutionNode = FALSE
	EndGlobalSection
	GlobalSection(ExtensibilityGlobals) = postSolution
		SolutionGuid = {6A624FE2-E60F-42EA-BA11-0846C6E7DB02}
	EndGlobalSection
EndGlobal
