
Microsoft Visual Studio Solution File, Format Version 12.00
# Visual Studio Version 17
VisualStudioVersion = 17.10.35027.167
MinimumVisualStudioVersion = 10.0.40219.1
Project("{FAE04EC0-301F-11D3-BF4B-00C04F79EFBC}") = "Buoi_30_LanguageIntegratedQuery", "Buoi_30_LanguageIntegratedQuery\Buoi_30_LanguageIntegratedQuery.csproj", "{C6C99426-DB15-414E-9092-7CE7900EE595}"
EndProject
Global
	GlobalSection(SolutionConfigurationPlatforms) = preSolution
		Debug|Any CPU = Debug|Any CPU
		Release|Any CPU = Release|Any CPU
	EndGlobalSection
	GlobalSection(ProjectConfigurationPlatforms) = postSolution
		{C6C99426-DB15-414E-9092-7CE7900EE595}.Debug|Any CPU.ActiveCfg = Debug|Any CPU
		{C6C99426-DB15-414E-9092-7CE7900EE595}.Debug|Any CPU.Build.0 = Debug|Any CPU
		{C6C99426-DB15-414E-9092-7CE7900EE595}.Release|Any CPU.ActiveCfg = Release|Any CPU
		{C6C99426-DB15-414E-9092-7CE7900EE595}.Release|Any CPU.Build.0 = Release|Any CPU
	EndGlobalSection
	GlobalSection(SolutionProperties) = preSolution
		HideSolutionNode = FALSE
	EndGlobalSection
	GlobalSection(ExtensibilityGlobals) = postSolution
		SolutionGuid = {C050B72E-05FE-42B1-8F89-D130B9B56E48}
	EndGlobalSection
EndGlobal
