
Microsoft Visual Studio Solution File, Format Version 12.00
# Visual Studio Version 17
VisualStudioVersion = 17.10.35027.167
MinimumVisualStudioVersion = 10.0.40219.1
Project("{FAE04EC0-301F-11D3-BF4B-00C04F79EFBC}") = "Buoi23_PhuongThucMoRong", "Buoi23_PhuongThucMoRong\Buoi23_PhuongThucMoRong.csproj", "{27099B34-639B-4CDC-837B-5E36D479D563}"
EndProject
Global
	GlobalSection(SolutionConfigurationPlatforms) = preSolution
		Debug|Any CPU = Debug|Any CPU
		Release|Any CPU = Release|Any CPU
	EndGlobalSection
	GlobalSection(ProjectConfigurationPlatforms) = postSolution
		{27099B34-639B-4CDC-837B-5E36D479D563}.Debug|Any CPU.ActiveCfg = Debug|Any CPU
		{27099B34-639B-4CDC-837B-5E36D479D563}.Debug|Any CPU.Build.0 = Debug|Any CPU
		{27099B34-639B-4CDC-837B-5E36D479D563}.Release|Any CPU.ActiveCfg = Release|Any CPU
		{27099B34-639B-4CDC-837B-5E36D479D563}.Release|Any CPU.Build.0 = Release|Any CPU
	EndGlobalSection
	GlobalSection(SolutionProperties) = preSolution
		HideSolutionNode = FALSE
	EndGlobalSection
	GlobalSection(ExtensibilityGlobals) = postSolution
		SolutionGuid = {D630511B-8A45-4AB4-AAE8-9C3C23B34707}
	EndGlobalSection
EndGlobal
