
Microsoft Visual Studio Solution File, Format Version 12.00
# Visual Studio Version 17
VisualStudioVersion = 17.10.35027.167
MinimumVisualStudioVersion = 10.0.40219.1
Project("{FAE04EC0-301F-11D3-BF4B-00C04F79EFBC}") = "Buoi20_delegate", "Buoi20_delegate\Buoi20_delegate.csproj", "{AAE8EE99-2FCC-414A-A403-22C596F6B997}"
EndProject
Global
	GlobalSection(SolutionConfigurationPlatforms) = preSolution
		Debug|Any CPU = Debug|Any CPU
		Release|Any CPU = Release|Any CPU
	EndGlobalSection
	GlobalSection(ProjectConfigurationPlatforms) = postSolution
		{AAE8EE99-2FCC-414A-A403-22C596F6B997}.Debug|Any CPU.ActiveCfg = Debug|Any CPU
		{AAE8EE99-2FCC-414A-A403-22C596F6B997}.Debug|Any CPU.Build.0 = Debug|Any CPU
		{AAE8EE99-2FCC-414A-A403-22C596F6B997}.Release|Any CPU.ActiveCfg = Release|Any CPU
		{AAE8EE99-2FCC-414A-A403-22C596F6B997}.Release|Any CPU.Build.0 = Release|Any CPU
	EndGlobalSection
	GlobalSection(SolutionProperties) = preSolution
		HideSolutionNode = FALSE
	EndGlobalSection
	GlobalSection(ExtensibilityGlobals) = postSolution
		SolutionGuid = {393FFF0C-B88A-4D8C-A843-AC6A039AF7B6}
	EndGlobalSection
EndGlobal
