
Microsoft Visual Studio Solution File, Format Version 12.00
# Visual Studio Version 17
VisualStudioVersion = 17.10.35027.167
MinimumVisualStudioVersion = 10.0.40219.1
Project("{FAE04EC0-301F-11D3-BF4B-00C04F79EFBC}") = "Bai15_Namespace_va_partial", "Bai15_Namespace_va_partial\Bai15_Namespace_va_partial.csproj", "{2621E6BB-3E88-4B78-8969-F81EED44DF84}"
EndProject
Global
	GlobalSection(SolutionConfigurationPlatforms) = preSolution
		Debug|Any CPU = Debug|Any CPU
		Release|Any CPU = Release|Any CPU
	EndGlobalSection
	GlobalSection(ProjectConfigurationPlatforms) = postSolution
		{2621E6BB-3E88-4B78-8969-F81EED44DF84}.Debug|Any CPU.ActiveCfg = Debug|Any CPU
		{2621E6BB-3E88-4B78-8969-F81EED44DF84}.Debug|Any CPU.Build.0 = Debug|Any CPU
		{2621E6BB-3E88-4B78-8969-F81EED44DF84}.Release|Any CPU.ActiveCfg = Release|Any CPU
		{2621E6BB-3E88-4B78-8969-F81EED44DF84}.Release|Any CPU.Build.0 = Release|Any CPU
	EndGlobalSection
	GlobalSection(SolutionProperties) = preSolution
		HideSolutionNode = FALSE
	EndGlobalSection
	GlobalSection(ExtensibilityGlobals) = postSolution
		SolutionGuid = {D40F56C7-95CE-4277-9D59-B443D38A13EB}
	EndGlobalSection
EndGlobal
