
Microsoft Visual Studio Solution File, Format Version 12.00
# Visual Studio Version 17
VisualStudioVersion = 17.10.35027.167
MinimumVisualStudioVersion = 10.0.40219.1
Project("{FAE04EC0-301F-11D3-BF4B-00C04F79EFBC}") = "Buoi33_DependencyInjection", "Buoi33_DependencyInjection\Buoi33_DependencyInjection.csproj", "{A17BE8AF-B5D7-4438-B2C2-B7F62DC7CC67}"
EndProject
Global
	GlobalSection(SolutionConfigurationPlatforms) = preSolution
		Debug|Any CPU = Debug|Any CPU
		Release|Any CPU = Release|Any CPU
	EndGlobalSection
	GlobalSection(ProjectConfigurationPlatforms) = postSolution
		{A17BE8AF-B5D7-4438-B2C2-B7F62DC7CC67}.Debug|Any CPU.ActiveCfg = Debug|Any CPU
		{A17BE8AF-B5D7-4438-B2C2-B7F62DC7CC67}.Debug|Any CPU.Build.0 = Debug|Any CPU
		{A17BE8AF-B5D7-4438-B2C2-B7F62DC7CC67}.Release|Any CPU.ActiveCfg = Release|Any CPU
		{A17BE8AF-B5D7-4438-B2C2-B7F62DC7CC67}.Release|Any CPU.Build.0 = Release|Any CPU
	EndGlobalSection
	GlobalSection(SolutionProperties) = preSolution
		HideSolutionNode = FALSE
	EndGlobalSection
	GlobalSection(ExtensibilityGlobals) = postSolution
		SolutionGuid = {90C84FF2-26A4-4262-A777-FB309C0A66DA}
	EndGlobalSection
EndGlobal
